
Microsoft Visual Studio Solution File, Format Version 12.00
# Visual Studio Version 16
VisualStudioVersion = 16.0.30413.136
MinimumVisualStudioVersion = 10.0.40219.1
Project("{9A19103F-16F7-4668-BE54-9A1E7A4F7556}") = "Uppgift1", "Uppgift1\Uppgift1.csproj", "{067E5D90-EDF8-46D5-B49F-E1B22BDE6545}"
EndProject
Project("{9A19103F-16F7-4668-BE54-9A1E7A4F7556}") = "Uppgift2", "Uppgift2\Uppgift2.csproj", "{0BF58C2A-D128-4026-9231-11125A8300B0}"
EndProject
Project("{FAE04EC0-301F-11D3-BF4B-00C04F79EFBC}") = "Uppgift3", "Uppgift3\Uppgift3.csproj", "{3EF4DB43-1D99-42EC-9538-3CF8BC702CE8}"
EndProject
Project("{FAE04EC0-301F-11D3-BF4B-00C04F79EFBC}") = "Uppgift4", "Uppgift4\Uppgift4.csproj", "{FFBCF59C-D40B-40F0-99FF-39E5940574C3}"
EndProject
Project("{FAE04EC0-301F-11D3-BF4B-00C04F79EFBC}") = "Uppgift8", "Uppgift8\Uppgift8.csproj", "{FAC72429-3ACF-438A-8132-59A8E6124E7A}"
EndProject
Global
	GlobalSection(SolutionConfigurationPlatforms) = preSolution
		Debug|Any CPU = Debug|Any CPU
		Release|Any CPU = Release|Any CPU
	EndGlobalSection
	GlobalSection(ProjectConfigurationPlatforms) = postSolution
		{067E5D90-EDF8-46D5-B49F-E1B22BDE6545}.Debug|Any CPU.ActiveCfg = Debug|Any CPU
		{067E5D90-EDF8-46D5-B49F-E1B22BDE6545}.Debug|Any CPU.Build.0 = Debug|Any CPU
		{067E5D90-EDF8-46D5-B49F-E1B22BDE6545}.Release|Any CPU.ActiveCfg = Release|Any CPU
		{067E5D90-EDF8-46D5-B49F-E1B22BDE6545}.Release|Any CPU.Build.0 = Release|Any CPU
		{0BF58C2A-D128-4026-9231-11125A8300B0}.Debug|Any CPU.ActiveCfg = Debug|Any CPU
		{0BF58C2A-D128-4026-9231-11125A8300B0}.Debug|Any CPU.Build.0 = Debug|Any CPU
		{0BF58C2A-D128-4026-9231-11125A8300B0}.Release|Any CPU.ActiveCfg = Release|Any CPU
		{0BF58C2A-D128-4026-9231-11125A8300B0}.Release|Any CPU.Build.0 = Release|Any CPU
		{3EF4DB43-1D99-42EC-9538-3CF8BC702CE8}.Debug|Any CPU.ActiveCfg = Debug|Any CPU
		{3EF4DB43-1D99-42EC-9538-3CF8BC702CE8}.Debug|Any CPU.Build.0 = Debug|Any CPU
		{3EF4DB43-1D99-42EC-9538-3CF8BC702CE8}.Release|Any CPU.ActiveCfg = Release|Any CPU
		{3EF4DB43-1D99-42EC-9538-3CF8BC702CE8}.Release|Any CPU.Build.0 = Release|Any CPU
		{FFBCF59C-D40B-40F0-99FF-39E5940574C3}.Debug|Any CPU.ActiveCfg = Debug|Any CPU
		{FFBCF59C-D40B-40F0-99FF-39E5940574C3}.Debug|Any CPU.Build.0 = Debug|Any CPU
		{FFBCF59C-D40B-40F0-99FF-39E5940574C3}.Release|Any CPU.ActiveCfg = Release|Any CPU
		{FFBCF59C-D40B-40F0-99FF-39E5940574C3}.Release|Any CPU.Build.0 = Release|Any CPU
		{FAC72429-3ACF-438A-8132-59A8E6124E7A}.Debug|Any CPU.ActiveCfg = Debug|Any CPU
		{FAC72429-3ACF-438A-8132-59A8E6124E7A}.Debug|Any CPU.Build.0 = Debug|Any CPU
		{FAC72429-3ACF-438A-8132-59A8E6124E7A}.Release|Any CPU.ActiveCfg = Release|Any CPU
		{FAC72429-3ACF-438A-8132-59A8E6124E7A}.Release|Any CPU.Build.0 = Release|Any CPU
	EndGlobalSection
	GlobalSection(SolutionProperties) = preSolution
		HideSolutionNode = FALSE
	EndGlobalSection
	GlobalSection(ExtensibilityGlobals) = postSolution
		SolutionGuid = {B69D1509-EAEC-4287-81C5-DD2F79E17CD9}
	EndGlobalSection
EndGlobal
